
Microsoft Visual Studio Solution File, Format Version 12.00
# Visual Studio Version 17
VisualStudioVersion = 17.8.34525.116
MinimumVisualStudioVersion = 10.0.40219.1
Project("{FAE04EC0-301F-11D3-BF4B-00C04F79EFBC}") = "UnityGitUI", "UnityGitUI\UnityGitUI.csproj", "{FF073554-A6EC-4CFE-91A5-CD41369F3940}"
EndProject
Global
	GlobalSection(SolutionConfigurationPlatforms) = preSolution
		Debug|Any CPU = Debug|Any CPU
		Release|Any CPU = Release|Any CPU
	EndGlobalSection
	GlobalSection(ProjectConfigurationPlatforms) = postSolution
		{FF073554-A6EC-4CFE-91A5-CD41369F3940}.Debug|Any CPU.ActiveCfg = Debug|Any CPU
		{FF073554-A6EC-4CFE-91A5-CD41369F3940}.Debug|Any CPU.Build.0 = Debug|Any CPU
		{FF073554-A6EC-4CFE-91A5-CD41369F3940}.Release|Any CPU.ActiveCfg = Release|Any CPU
		{FF073554-A6EC-4CFE-91A5-CD41369F3940}.Release|Any CPU.Build.0 = Release|Any CPU
	EndGlobalSection
	GlobalSection(SolutionProperties) = preSolution
		HideSolutionNode = FALSE
	EndGlobalSection
	GlobalSection(ExtensibilityGlobals) = postSolution
		SolutionGuid = {025F8A38-A211-4AF1-9916-E6BCF3ED53C5}
	EndGlobalSection
EndGlobal
